// !$*UTF8*$!
{
	archiveVersion = 1;
	classes = {
	};
	objectVersion = 46;
	objects = {

/* Begin PBXBuildFile section */
		A6163B0718C5883B00C58BC5 /* MRCCurrentCell.m in Sources */ = {isa = PBXBuildFile; fileRef = A6163B0618C5883B00C58BC5 /* MRCCurrentCell.m */; };
		A6163B0818C5883B00C58BC5 /* MRCCurrentCell.m in Sources */ = {isa = PBXBuildFile; fileRef = A6163B0618C5883B00C58BC5 /* MRCCurrentCell.m */; };
		A6163B0B18C5884E00C58BC5 /* MRCForecastCell.m in Sources */ = {isa = PBXBuildFile; fileRef = A6163B0A18C5884E00C58BC5 /* MRCForecastCell.m */; };
		A6163B0C18C5884E00C58BC5 /* MRCForecastCell.m in Sources */ = {isa = PBXBuildFile; fileRef = A6163B0A18C5884E00C58BC5 /* MRCForecastCell.m */; };
		A6163B0F18C6492C00C58BC5 /* MBProgressHUD.m in Sources */ = {isa = PBXBuildFile; fileRef = A6163B0E18C6492C00C58BC5 /* MBProgressHUD.m */; };
		A6163B1018C6492C00C58BC5 /* MBProgressHUD.m in Sources */ = {isa = PBXBuildFile; fileRef = A6163B0E18C6492C00C58BC5 /* MBProgressHUD.m */; };
		A6163B1218C667D700C58BC5 /* CoreLocation.framework in Frameworks */ = {isa = PBXBuildFile; fileRef = A6163B1118C667D700C58BC5 /* CoreLocation.framework */; };
		A674937418C4FC7500EE73CA /* Foundation.framework in Frameworks */ = {isa = PBXBuildFile; fileRef = A674937318C4FC7500EE73CA /* Foundation.framework */; };
		A674937618C4FC7500EE73CA /* CoreGraphics.framework in Frameworks */ = {isa = PBXBuildFile; fileRef = A674937518C4FC7500EE73CA /* CoreGraphics.framework */; };
		A674937818C4FC7500EE73CA /* UIKit.framework in Frameworks */ = {isa = PBXBuildFile; fileRef = A674937718C4FC7500EE73CA /* UIKit.framework */; };
		A674937E18C4FC7500EE73CA /* InfoPlist.strings in Resources */ = {isa = PBXBuildFile; fileRef = A674937C18C4FC7500EE73CA /* InfoPlist.strings */; };
		A674938018C4FC7500EE73CA /* main.m in Sources */ = {isa = PBXBuildFile; fileRef = A674937F18C4FC7500EE73CA /* main.m */; };
		A674938418C4FC7500EE73CA /* MRCAppDelegate.m in Sources */ = {isa = PBXBuildFile; fileRef = A674938318C4FC7500EE73CA /* MRCAppDelegate.m */; };
		A674938718C4FC7500EE73CA /* Main.storyboard in Resources */ = {isa = PBXBuildFile; fileRef = A674938518C4FC7500EE73CA /* Main.storyboard */; };
		A674938C18C4FC7500EE73CA /* Images.xcassets in Resources */ = {isa = PBXBuildFile; fileRef = A674938B18C4FC7500EE73CA /* Images.xcassets */; };
		A674939318C4FC7500EE73CA /* XCTest.framework in Frameworks */ = {isa = PBXBuildFile; fileRef = A674939218C4FC7500EE73CA /* XCTest.framework */; };
		A674939418C4FC7500EE73CA /* Foundation.framework in Frameworks */ = {isa = PBXBuildFile; fileRef = A674937318C4FC7500EE73CA /* Foundation.framework */; };
		A674939518C4FC7500EE73CA /* UIKit.framework in Frameworks */ = {isa = PBXBuildFile; fileRef = A674937718C4FC7500EE73CA /* UIKit.framework */; };
		A674939D18C4FC7500EE73CA /* InfoPlist.strings in Resources */ = {isa = PBXBuildFile; fileRef = A674939B18C4FC7500EE73CA /* InfoPlist.strings */; };
		A674939F18C4FC7600EE73CA /* WeatherAppTests.m in Sources */ = {isa = PBXBuildFile; fileRef = A674939E18C4FC7600EE73CA /* WeatherAppTests.m */; };
		A67493AA18C4FD7600EE73CA /* MRCWeatherAppTableViewController.m in Sources */ = {isa = PBXBuildFile; fileRef = A67493A918C4FD7600EE73CA /* MRCWeatherAppTableViewController.m */; };
		A67493AB18C4FD7600EE73CA /* MRCWeatherAppTableViewController.m in Sources */ = {isa = PBXBuildFile; fileRef = A67493A918C4FD7600EE73CA /* MRCWeatherAppTableViewController.m */; };
/* End PBXBuildFile section */

/* Begin PBXContainerItemProxy section */
		A674939618C4FC7500EE73CA /* PBXContainerItemProxy */ = {
			isa = PBXContainerItemProxy;
			containerPortal = A674936818C4FC7400EE73CA /* Project object */;
			proxyType = 1;
			remoteGlobalIDString = A674936F18C4FC7400EE73CA;
			remoteInfo = WeatherApp;
		};
/* End PBXContainerItemProxy section */

/* Begin PBXFileReference section */
		A6163B0518C5883B00C58BC5 /* MRCCurrentCell.h */ = {isa = PBXFileReference; fileEncoding = 4; lastKnownFileType = sourcecode.c.h; path = MRCCurrentCell.h; sourceTree = "<group>"; };
		A6163B0618C5883B00C58BC5 /* MRCCurrentCell.m */ = {isa = PBXFileReference; fileEncoding = 4; lastKnownFileType = sourcecode.c.objc; path = MRCCurrentCell.m; sourceTree = "<group>"; };
		A6163B0918C5884E00C58BC5 /* MRCForecastCell.h */ = {isa = PBXFileReference; fileEncoding = 4; lastKnownFileType = sourcecode.c.h; path = MRCForecastCell.h; sourceTree = "<group>"; };
		A6163B0A18C5884E00C58BC5 /* MRCForecastCell.m */ = {isa = PBXFileReference; fileEncoding = 4; lastKnownFileType = sourcecode.c.objc; path = MRCForecastCell.m; sourceTree = "<group>"; };
		A6163B0D18C6492C00C58BC5 /* MBProgressHUD.h */ = {isa = PBXFileReference; fileEncoding = 4; lastKnownFileType = sourcecode.c.h; path = MBProgressHUD.h; sourceTree = "<group>"; };
		A6163B0E18C6492C00C58BC5 /* MBProgressHUD.m */ = {isa = PBXFileReference; fileEncoding = 4; lastKnownFileType = sourcecode.c.objc; path = MBProgressHUD.m; sourceTree = "<group>"; };
		A6163B1118C667D700C58BC5 /* CoreLocation.framework */ = {isa = PBXFileReference; lastKnownFileType = wrapper.framework; name = CoreLocation.framework; path = System/Library/Frameworks/CoreLocation.framework; sourceTree = SDKROOT; };
		A674937018C4FC7400EE73CA /* WeatherApp.app */ = {isa = PBXFileReference; explicitFileType = wrapper.application; includeInIndex = 0; path = WeatherApp.app; sourceTree = BUILT_PRODUCTS_DIR; };
		A674937318C4FC7500EE73CA /* Foundation.framework */ = {isa = PBXFileReference; lastKnownFileType = wrapper.framework; name = Foundation.framework; path = System/Library/Frameworks/Foundation.framework; sourceTree = SDKROOT; };
		A674937518C4FC7500EE73CA /* CoreGraphics.framework */ = {isa = PBXFileReference; lastKnownFileType = wrapper.framework; name = CoreGraphics.framework; path = System/Library/Frameworks/CoreGraphics.framework; sourceTree = SDKROOT; };
		A674937718C4FC7500EE73CA /* UIKit.framework */ = {isa = PBXFileReference; lastKnownFileType = wrapper.framework; name = UIKit.framework; path = System/Library/Frameworks/UIKit.framework; sourceTree = SDKROOT; };
		A674937B18C4FC7500EE73CA /* WeatherApp-Info.plist */ = {isa = PBXFileReference; lastKnownFileType = text.plist.xml; path = "WeatherApp-Info.plist"; sourceTree = "<group>"; };
		A674937D18C4FC7500EE73CA /* en */ = {isa = PBXFileReference; lastKnownFileType = text.plist.strings; name = en; path = en.lproj/InfoPlist.strings; sourceTree = "<group>"; };
		A674937F18C4FC7500EE73CA /* main.m */ = {isa = PBXFileReference; lastKnownFileType = sourcecode.c.objc; path = main.m; sourceTree = "<group>"; };
		A674938118C4FC7500EE73CA /* WeatherApp-Prefix.pch */ = {isa = PBXFileReference; lastKnownFileType = sourcecode.c.h; path = "WeatherApp-Prefix.pch"; sourceTree = "<group>"; };
		A674938218C4FC7500EE73CA /* MRCAppDelegate.h */ = {isa = PBXFileReference; lastKnownFileType = sourcecode.c.h; path = MRCAppDelegate.h; sourceTree = "<group>"; };
		A674938318C4FC7500EE73CA /* MRCAppDelegate.m */ = {isa = PBXFileReference; lastKnownFileType = sourcecode.c.objc; path = MRCAppDelegate.m; sourceTree = "<group>"; };
		A674938618C4FC7500EE73CA /* Base */ = {isa = PBXFileReference; lastKnownFileType = file.storyboard; name = Base; path = Base.lproj/Main.storyboard; sourceTree = "<group>"; };
		A674938B18C4FC7500EE73CA /* Images.xcassets */ = {isa = PBXFileReference; lastKnownFileType = folder.assetcatalog; path = Images.xcassets; sourceTree = "<group>"; };
		A674939118C4FC7500EE73CA /* WeatherAppTests.xctest */ = {isa = PBXFileReference; explicitFileType = wrapper.cfbundle; includeInIndex = 0; path = WeatherAppTests.xctest; sourceTree = BUILT_PRODUCTS_DIR; };
		A674939218C4FC7500EE73CA /* XCTest.framework */ = {isa = PBXFileReference; lastKnownFileType = wrapper.framework; name = XCTest.framework; path = Library/Frameworks/XCTest.framework; sourceTree = DEVELOPER_DIR; };
		A674939A18C4FC7500EE73CA /* WeatherAppTests-Info.plist */ = {isa = PBXFileReference; lastKnownFileType = text.plist.xml; path = "WeatherAppTests-Info.plist"; sourceTree = "<group>"; };
		A674939C18C4FC7500EE73CA /* en */ = {isa = PBXFileReference; lastKnownFileType = text.plist.strings; name = en; path = en.lproj/InfoPlist.strings; sourceTree = "<group>"; };
		A674939E18C4FC7600EE73CA /* WeatherAppTests.m */ = {isa = PBXFileReference; lastKnownFileType = sourcecode.c.objc; path = WeatherAppTests.m; sourceTree = "<group>"; };
		A67493A818C4FD7600EE73CA /* MRCWeatherAppTableViewController.h */ = {isa = PBXFileReference; fileEncoding = 4; lastKnownFileType = sourcecode.c.h; path = MRCWeatherAppTableViewController.h; sourceTree = "<group>"; };
		A67493A918C4FD7600EE73CA /* MRCWeatherAppTableViewController.m */ = {isa = PBXFileReference; fileEncoding = 4; lastKnownFileType = sourcecode.c.objc; path = MRCWeatherAppTableViewController.m; sourceTree = "<group>"; };
/* End PBXFileReference section */

/* Begin PBXFrameworksBuildPhase section */
		A674936D18C4FC7400EE73CA /* Frameworks */ = {
			isa = PBXFrameworksBuildPhase;
			buildActionMask = 2147483647;
			files = (
				A6163B1218C667D700C58BC5 /* CoreLocation.framework in Frameworks */,
				A674937618C4FC7500EE73CA /* CoreGraphics.framework in Frameworks */,
				A674937818C4FC7500EE73CA /* UIKit.framework in Frameworks */,
				A674937418C4FC7500EE73CA /* Foundation.framework in Frameworks */,
			);
			runOnlyForDeploymentPostprocessing = 0;
		};
		A674938E18C4FC7500EE73CA /* Frameworks */ = {
			isa = PBXFrameworksBuildPhase;
			buildActionMask = 2147483647;
			files = (
				A674939318C4FC7500EE73CA /* XCTest.framework in Frameworks */,
				A674939518C4FC7500EE73CA /* UIKit.framework in Frameworks */,
				A674939418C4FC7500EE73CA /* Foundation.framework in Frameworks */,
			);
			runOnlyForDeploymentPostprocessing = 0;
		};
/* End PBXFrameworksBuildPhase section */

/* Begin PBXGroup section */
		A674936718C4FC7400EE73CA = {
			isa = PBXGroup;
			children = (
				A674937918C4FC7500EE73CA /* WeatherApp */,
				A674939818C4FC7500EE73CA /* WeatherAppTests */,
				A674937218C4FC7400EE73CA /* Frameworks */,
				A674937118C4FC7400EE73CA /* Products */,
			);
			sourceTree = "<group>";
		};
		A674937118C4FC7400EE73CA /* Products */ = {
			isa = PBXGroup;
			children = (
				A674937018C4FC7400EE73CA /* WeatherApp.app */,
				A674939118C4FC7500EE73CA /* WeatherAppTests.xctest */,
			);
			name = Products;
			sourceTree = "<group>";
		};
		A674937218C4FC7400EE73CA /* Frameworks */ = {
			isa = PBXGroup;
			children = (
				A6163B1118C667D700C58BC5 /* CoreLocation.framework */,
				A674937318C4FC7500EE73CA /* Foundation.framework */,
				A674937518C4FC7500EE73CA /* CoreGraphics.framework */,
				A674937718C4FC7500EE73CA /* UIKit.framework */,
				A674939218C4FC7500EE73CA /* XCTest.framework */,
			);
			name = Frameworks;
			sourceTree = "<group>";
		};
		A674937918C4FC7500EE73CA /* WeatherApp */ = {
			isa = PBXGroup;
			children = (
				A674938218C4FC7500EE73CA /* MRCAppDelegate.h */,
				A674938318C4FC7500EE73CA /* MRCAppDelegate.m */,
				A674938518C4FC7500EE73CA /* Main.storyboard */,
				A674938B18C4FC7500EE73CA /* Images.xcassets */,
				A67493A818C4FD7600EE73CA /* MRCWeatherAppTableViewController.h */,
				A67493A918C4FD7600EE73CA /* MRCWeatherAppTableViewController.m */,
				A6163B0518C5883B00C58BC5 /* MRCCurrentCell.h */,
				A6163B0618C5883B00C58BC5 /* MRCCurrentCell.m */,
				A6163B0918C5884E00C58BC5 /* MRCForecastCell.h */,
				A6163B0A18C5884E00C58BC5 /* MRCForecastCell.m */,
				A6163B0D18C6492C00C58BC5 /* MBProgressHUD.h */,
				A6163B0E18C6492C00C58BC5 /* MBProgressHUD.m */,
				A674937A18C4FC7500EE73CA /* Supporting Files */,
			);
			path = WeatherApp;
			sourceTree = "<group>";
		};
		A674937A18C4FC7500EE73CA /* Supporting Files */ = {
			isa = PBXGroup;
			children = (
				A674937B18C4FC7500EE73CA /* WeatherApp-Info.plist */,
				A674937C18C4FC7500EE73CA /* InfoPlist.strings */,
				A674937F18C4FC7500EE73CA /* main.m */,
				A674938118C4FC7500EE73CA /* WeatherApp-Prefix.pch */,
			);
			name = "Supporting Files";
			sourceTree = "<group>";
		};
		A674939818C4FC7500EE73CA /* WeatherAppTests */ = {
			isa = PBXGroup;
			children = (
				A674939E18C4FC7600EE73CA /* WeatherAppTests.m */,
				A674939918C4FC7500EE73CA /* Supporting Files */,
			);
			path = WeatherAppTests;
			sourceTree = "<group>";
		};
		A674939918C4FC7500EE73CA /* Supporting Files */ = {
			isa = PBXGroup;
			children = (
				A674939A18C4FC7500EE73CA /* WeatherAppTests-Info.plist */,
				A674939B18C4FC7500EE73CA /* InfoPlist.strings */,
			);
			name = "Supporting Files";
			sourceTree = "<group>";
		};
/* End PBXGroup section */

/* Begin PBXNativeTarget section */
		A674936F18C4FC7400EE73CA /* WeatherApp */ = {
			isa = PBXNativeTarget;
			buildConfigurationList = A67493A218C4FC7600EE73CA /* Build configuration list for PBXNativeTarget "WeatherApp" */;
			buildPhases = (
				A674936C18C4FC7400EE73CA /* Sources */,
				A674936D18C4FC7400EE73CA /* Frameworks */,
				A674936E18C4FC7400EE73CA /* Resources */,
			);
			buildRules = (
			);
			dependencies = (
			);
			name = WeatherApp;
			productName = WeatherApp;
			productReference = A674937018C4FC7400EE73CA /* WeatherApp.app */;
			productType = "com.apple.product-type.application";
		};
		A674939018C4FC7500EE73CA /* WeatherAppTests */ = {
			isa = PBXNativeTarget;
			buildConfigurationList = A67493A518C4FC7600EE73CA /* Build configuration list for PBXNativeTarget "WeatherAppTests" */;
			buildPhases = (
				A674938D18C4FC7500EE73CA /* Sources */,
				A674938E18C4FC7500EE73CA /* Frameworks */,
				A674938F18C4FC7500EE73CA /* Resources */,
			);
			buildRules = (
			);
			dependencies = (
				A674939718C4FC7500EE73CA /* PBXTargetDependency */,
			);
			name = WeatherAppTests;
			productName = WeatherAppTests;
			productReference = A674939118C4FC7500EE73CA /* WeatherAppTests.xctest */;
			productType = "com.apple.product-type.bundle.unit-test";
		};
/* End PBXNativeTarget section */

/* Begin PBXProject section */
		A674936818C4FC7400EE73CA /* Project object */ = {
			isa = PBXProject;
			attributes = {
				CLASSPREFIX = MRC;
				LastUpgradeCheck = 0500;
				ORGANIZATIONNAME = MartyCullen.com;
				TargetAttributes = {
					A674939018C4FC7500EE73CA = {
						TestTargetID = A674936F18C4FC7400EE73CA;
					};
				};
			};
			buildConfigurationList = A674936B18C4FC7400EE73CA /* Build configuration list for PBXProject "WeatherApp" */;
			compatibilityVersion = "Xcode 3.2";
			developmentRegion = English;
			hasScannedForEncodings = 0;
			knownRegions = (
				en,
				Base,
			);
			mainGroup = A674936718C4FC7400EE73CA;
			productRefGroup = A674937118C4FC7400EE73CA /* Products */;
			projectDirPath = "";
			projectRoot = "";
			targets = (
				A674936F18C4FC7400EE73CA /* WeatherApp */,
				A674939018C4FC7500EE73CA /* WeatherAppTests */,
			);
		};
/* End PBXProject section */

/* Begin PBXResourcesBuildPhase section */
		A674936E18C4FC7400EE73CA /* Resources */ = {
			isa = PBXResourcesBuildPhase;
			buildActionMask = 2147483647;
			files = (
				A674938C18C4FC7500EE73CA /* Images.xcassets in Resources */,
				A674937E18C4FC7500EE73CA /* InfoPlist.strings in Resources */,
				A674938718C4FC7500EE73CA /* Main.storyboard in Resources */,
			);
			runOnlyForDeploymentPostprocessing = 0;
		};
		A674938F18C4FC7500EE73CA /* Resources */ = {
			isa = PBXResourcesBuildPhase;
			buildActionMask = 2147483647;
			files = (
				A674939D18C4FC7500EE73CA /* InfoPlist.strings in Resources */,
			);
			runOnlyForDeploymentPostprocessing = 0;
		};
/* End PBXResourcesBuildPhase section */

/* Begin PBXSourcesBuildPhase section */
		A674936C18C4FC7400EE73CA /* Sources */ = {
			isa = PBXSourcesBuildPhase;
			buildActionMask = 2147483647;
			files = (
				A6163B0718C5883B00C58BC5 /* MRCCurrentCell.m in Sources */,
				A6163B0F18C6492C00C58BC5 /* MBProgressHUD.m in Sources */,
				A67493AA18C4FD7600EE73CA /* MRCWeatherAppTableViewController.m in Sources */,
				A674938018C4FC7500EE73CA /* main.m in Sources */,
				A674938418C4FC7500EE73CA /* MRCAppDelegate.m in Sources */,
				A6163B0B18C5884E00C58BC5 /* MRCForecastCell.m in Sources */,
			);
			runOnlyForDeploymentPostprocessing = 0;
		};
		A674938D18C4FC7500EE73CA /* Sources */ = {
			isa = PBXSourcesBuildPhase;
			buildActionMask = 2147483647;
			files = (
				A674939F18C4FC7600EE73CA /* WeatherAppTests.m in Sources */,
				A6163B0C18C5884E00C58BC5 /* MRCForecastCell.m in Sources */,
				A6163B1018C6492C00C58BC5 /* MBProgressHUD.m in Sources */,
				A6163B0818C5883B00C58BC5 /* MRCCurrentCell.m in Sources */,
				A67493AB18C4FD7600EE73CA /* MRCWeatherAppTableViewController.m in Sources */,
			);
			runOnlyForDeploymentPostprocessing = 0;
		};
/* End PBXSourcesBuildPhase section */

/* Begin PBXTargetDependency section */
		A674939718C4FC7500EE73CA /* PBXTargetDependency */ = {
			isa = PBXTargetDependency;
			target = A674936F18C4FC7400EE73CA /* WeatherApp */;
			targetProxy = A674939618C4FC7500EE73CA /* PBXContainerItemProxy */;
		};
/* End PBXTargetDependency section */

/* Begin PBXVariantGroup section */
		A674937C18C4FC7500EE73CA /* InfoPlist.strings */ = {
			isa = PBXVariantGroup;
			children = (
				A674937D18C4FC7500EE73CA /* en */,
			);
			name = InfoPlist.strings;
			sourceTree = "<group>";
		};
		A674938518C4FC7500EE73CA /* Main.storyboard */ = {
			isa = PBXVariantGroup;
			children = (
				A674938618C4FC7500EE73CA /* Base */,
			);
			name = Main.storyboard;
			sourceTree = "<group>";
		};
		A674939B18C4FC7500EE73CA /* InfoPlist.strings */ = {
			isa = PBXVariantGroup;
			children = (
				A674939C18C4FC7500EE73CA /* en */,
			);
			name = InfoPlist.strings;
			sourceTree = "<group>";
		};
/* End PBXVariantGroup section */

/* Begin XCBuildConfiguration section */
		A67493A018C4FC7600EE73CA /* Debug */ = {
			isa = XCBuildConfiguration;
			buildSettings = {
				ALWAYS_SEARCH_USER_PATHS = NO;
				ARCHS = "$(ARCHS_STANDARD_INCLUDING_64_BIT)";
				CLANG_CXX_LANGUAGE_STANDARD = "gnu++0x";
				CLANG_CXX_LIBRARY = "libc++";
				CLANG_ENABLE_MODULES = YES;
				CLANG_ENABLE_OBJC_ARC = YES;
				CLANG_WARN_BOOL_CONVERSION = YES;
				CLANG_WARN_CONSTANT_CONVERSION = YES;
				CLANG_WARN_DIRECT_OBJC_ISA_USAGE = YES_ERROR;
				CLANG_WARN_EMPTY_BODY = YES;
				CLANG_WARN_ENUM_CONVERSION = YES;
				CLANG_WARN_INT_CONVERSION = YES;
				CLANG_WARN_OBJC_ROOT_CLASS = YES_ERROR;
				CLANG_WARN__DUPLICATE_METHOD_MATCH = YES;
				"CODE_SIGN_IDENTITY[sdk=iphoneos*]" = "iPhone Developer";
				COPY_PHASE_STRIP = NO;
				GCC_C_LANGUAGE_STANDARD = gnu99;
				GCC_DYNAMIC_NO_PIC = NO;
				GCC_OPTIMIZATION_LEVEL = 0;
				GCC_PREPROCESSOR_DEFINITIONS = (
					"DEBUG=1",
					"$(inherited)",
				);
				GCC_SYMBOLS_PRIVATE_EXTERN = NO;
				GCC_WARN_64_TO_32_BIT_CONVERSION = YES;
				GCC_WARN_ABOUT_RETURN_TYPE = YES_ERROR;
				GCC_WARN_UNDECLARED_SELECTOR = YES;
				GCC_WARN_UNINITIALIZED_AUTOS = YES;
				GCC_WARN_UNUSED_FUNCTION = YES;
				GCC_WARN_UNUSED_VARIABLE = YES;
				IPHONEOS_DEPLOYMENT_TARGET = 7.0;
				ONLY_ACTIVE_ARCH = YES;
				SDKROOT = iphoneos;
			};
			name = Debug;
		};
		A67493A118C4FC7600EE73CA /* Release */ = {
			isa = XCBuildConfiguration;
			buildSettings = {
				ALWAYS_SEARCH_USER_PATHS = NO;
				ARCHS = "$(ARCHS_STANDARD_INCLUDING_64_BIT)";
				CLANG_CXX_LANGUAGE_STANDARD = "gnu++0x";
				CLANG_CXX_LIBRARY = "libc++";
				CLANG_ENABLE_MODULES = YES;
				CLANG_ENABLE_OBJC_ARC = YES;
				CLANG_WARN_BOOL_CONVERSION = YES;
				CLANG_WARN_CONSTANT_CONVERSION = YES;
				CLANG_WARN_DIRECT_OBJC_ISA_USAGE = YES_ERROR;
				CLANG_WARN_EMPTY_BODY = YES;
				CLANG_WARN_ENUM_CONVERSION = YES;
				CLANG_WARN_INT_CONVERSION = YES;
				CLANG_WARN_OBJC_ROOT_CLASS = YES_ERROR;
				CLANG_WARN__DUPLICATE_METHOD_MATCH = YES;
				"CODE_SIGN_IDENTITY[sdk=iphoneos*]" = "iPhone Developer";
				COPY_PHASE_STRIP = YES;
				ENABLE_NS_ASSERTIONS = NO;
				GCC_C_LANGUAGE_STANDARD = gnu99;
				GCC_WARN_64_TO_32_BIT_CONVERSION = YES;
				GCC_WARN_ABOUT_RETURN_TYPE = YES_ERROR;
				GCC_WARN_UNDECLARED_SELECTOR = YES;
				GCC_WARN_UNINITIALIZED_AUTOS = YES;
				GCC_WARN_UNUSED_FUNCTION = YES;
				GCC_WARN_UNUSED_VARIABLE = YES;
				IPHONEOS_DEPLOYMENT_TARGET = 7.0;
				SDKROOT = iphoneos;
				VALIDATE_PRODUCT = YES;
			};
			name = Release;
		};
		A67493A318C4FC7600EE73CA /* Debug */ = {
			isa = XCBuildConfiguration;
			buildSettings = {
				ASSETCATALOG_COMPILER_APPICON_NAME = AppIcon;
				ASSETCATALOG_COMPILER_LAUNCHIMAGE_NAME = LaunchImage;
				GCC_PRECOMPILE_PREFIX_HEADER = YES;
				GCC_PREFIX_HEADER = "WeatherApp/WeatherApp-Prefix.pch";
				INFOPLIST_FILE = "WeatherApp/WeatherApp-Info.plist";
				PRODUCT_NAME = "$(TARGET_NAME)";
				WRAPPER_EXTENSION = app;
			};
			name = Debug;
		};
		A67493A418C4FC7600EE73CA /* Release */ = {
			isa = XCBuildConfiguration;
			buildSettings = {
				ASSETCATALOG_COMPILER_APPICON_NAME = AppIcon;
				ASSETCATALOG_COMPILER_LAUNCHIMAGE_NAME = LaunchImage;
				GCC_PRECOMPILE_PREFIX_HEADER = YES;
				GCC_PREFIX_HEADER = "WeatherApp/WeatherApp-Prefix.pch";
				INFOPLIST_FILE = "WeatherApp/WeatherApp-Info.plist";
				PRODUCT_NAME = "$(TARGET_NAME)";
				WRAPPER_EXTENSION = app;
			};
			name = Release;
		};
		A67493A618C4FC7600EE73CA /* Debug */ = {
			isa = XCBuildConfiguration;
			buildSettings = {
				ARCHS = "$(ARCHS_STANDARD_INCLUDING_64_BIT)";
				BUNDLE_LOADER = "$(BUILT_PRODUCTS_DIR)/WeatherApp.app/WeatherApp";
				FRAMEWORK_SEARCH_PATHS = (
					"$(SDKROOT)/Developer/Library/Frameworks",
					"$(inherited)",
					"$(DEVELOPER_FRAMEWORKS_DIR)",
				);
				GCC_PRECOMPILE_PREFIX_HEADER = YES;
				GCC_PREFIX_HEADER = "WeatherApp/WeatherApp-Prefix.pch";
				GCC_PREPROCESSOR_DEFINITIONS = (
					"DEBUG=1",
					"$(inherited)",
				);
				INFOPLIST_FILE = "WeatherAppTests/WeatherAppTests-Info.plist";
				PRODUCT_NAME = "$(TARGET_NAME)";
				TEST_HOST = "$(BUNDLE_LOADER)";
				WRAPPER_EXTENSION = xctest;
			};
			name = Debug;
		};
		A67493A718C4FC7600EE73CA /* Release */ = {
			isa = XCBuildConfiguration;
			buildSettings = {
				ARCHS = "$(ARCHS_STANDARD_INCLUDING_64_BIT)";
				BUNDLE_LOADER = "$(BUILT_PRODUCTS_DIR)/WeatherApp.app/WeatherApp";
				FRAMEWORK_SEARCH_PATHS = (
					"$(SDKROOT)/Developer/Library/Frameworks",
					"$(inherited)",
					"$(DEVELOPER_FRAMEWORKS_DIR)",
				);
				GCC_PRECOMPILE_PREFIX_HEADER = YES;
				GCC_PREFIX_HEADER = "WeatherApp/WeatherApp-Prefix.pch";
				INFOPLIST_FILE = "WeatherAppTests/WeatherAppTests-Info.plist";
				PRODUCT_NAME = "$(TARGET_NAME)";
				TEST_HOST = "$(BUNDLE_LOADER)";
				WRAPPER_EXTENSION = xctest;
			};
			name = Release;
		};
/* End XCBuildConfiguration section */

/* Begin XCConfigurationList section */
		A674936B18C4FC7400EE73CA /* Build configuration list for PBXProject "WeatherApp" */ = {
			isa = XCConfigurationList;
			buildConfigurations = (
				A67493A018C4FC7600EE73CA /* Debug */,
				A67493A118C4FC7600EE73CA /* Release */,
			);
			defaultConfigurationIsVisible = 0;
			defaultConfigurationName = Release;
		};
		A67493A218C4FC7600EE73CA /* Build configuration list for PBXNativeTarget "WeatherApp" */ = {
			isa = XCConfigurationList;
			buildConfigurations = (
				A67493A318C4FC7600EE73CA /* Debug */,
				A67493A418C4FC7600EE73CA /* Release */,
			);
			defaultConfigurationIsVisible = 0;
			defaultConfigurationName = Release;
		};
		A67493A518C4FC7600EE73CA /* Build configuration list for PBXNativeTarget "WeatherAppTests" */ = {
			isa = XCConfigurationList;
			buildConfigurations = (
				A67493A618C4FC7600EE73CA /* Debug */,
				A67493A718C4FC7600EE73CA /* Release */,
			);
			defaultConfigurationIsVisible = 0;
			defaultConfigurationName = Release;
		};
/* End XCConfigurationList section */
	};
	rootObject = A674936818C4FC7400EE73CA /* Project object */;
}
